
Microsoft Visual Studio Solution File, Format Version 12.00
# Visual Studio Version 17
VisualStudioVersion = 17.2.32630.192
MinimumVisualStudioVersion = 10.0.40219.1
Project("{FAE04EC0-301F-11D3-BF4B-00C04F79EFBC}") = "WebAPIMongoDB", "WebAPIMongoDB\WebAPIMongoDB.csproj", "{640DBB2D-5ACE-4D2B-B223-08F27BFE6A92}"
EndProject
Global
	GlobalSection(SolutionConfigurationPlatforms) = preSolution
		Debug|Any CPU = Debug|Any CPU
		Release|Any CPU = Release|Any CPU
	EndGlobalSection
	GlobalSection(ProjectConfigurationPlatforms) = postSolution
		{640DBB2D-5ACE-4D2B-B223-08F27BFE6A92}.Debug|Any CPU.ActiveCfg = Debug|Any CPU
		{640DBB2D-5ACE-4D2B-B223-08F27BFE6A92}.Debug|Any CPU.Build.0 = Debug|Any CPU
		{640DBB2D-5ACE-4D2B-B223-08F27BFE6A92}.Release|Any CPU.ActiveCfg = Release|Any CPU
		{640DBB2D-5ACE-4D2B-B223-08F27BFE6A92}.Release|Any CPU.Build.0 = Release|Any CPU
	EndGlobalSection
	GlobalSection(SolutionProperties) = preSolution
		HideSolutionNode = FALSE
	EndGlobalSection
	GlobalSection(ExtensibilityGlobals) = postSolution
		SolutionGuid = {105A8BC8-7EC0-47FC-B3E5-F1B0CE45F9BA}
	EndGlobalSection
EndGlobal
